github.com/omertuc/embed v0.0.0-20210217123240-2dad2ab47d10 h1:47DEQpj8HBSa+/TImW+5JCeuQeRkm5NMpJWZG3hSuFU=
github.com/omertuc/embed/a v0.0.0-20210217123240-2dad2ab47d10 h1:9+TlphKZkyjiL/gHr4/6nFP8GHSB7dKYlOI+6+2sd3o=
github.com/omertuc/embed/a v0.0.0-20210217123240-2dad2ab47d10/go.mod h1:pyoT+R43pfPKMorZCiqd6ZqZ8D89ApOcZDyr4iydaYg=
